// !$*UTF8*$!
{
	archiveVersion = 1;
	classes = {
	};
	objectVersion = 50;
	objects = {

/* Begin PBXBuildFile section */
		EB0BC17126C8D164004F5818 /* CopanApp.swift in Sources */ = {isa = PBXBuildFile; fileRef = EB0BC17026C8D164004F5818 /* CopanApp.swift */; };
		EB0BC17326C8D164004F5818 /* ContentView.swift in Sources */ = {isa = PBXBuildFile; fileRef = EB0BC17226C8D164004F5818 /* ContentView.swift */; };
		EB0BC17526C8D164004F5818 /* Assets.xcassets in Resources */ = {isa = PBXBuildFile; fileRef = EB0BC17426C8D164004F5818 /* Assets.xcassets */; };
		EB0BC17826C8D164004F5818 /* Preview Assets.xcassets in Resources */ = {isa = PBXBuildFile; fileRef = EB0BC17726C8D164004F5818 /* Preview Assets.xcassets */; };
		EB0BC18326C8D165004F5818 /* CopanTests.swift in Sources */ = {isa = PBXBuildFile; fileRef = EB0BC18226C8D165004F5818 /* CopanTests.swift */; };
		EB0BC18E26C8D165004F5818 /* CopanUITests.swift in Sources */ = {isa = PBXBuildFile; fileRef = EB0BC18D26C8D165004F5818 /* CopanUITests.swift */; };
		EB36B3A426C8DB4200695918 /* WebView.swift in Sources */ = {isa = PBXBuildFile; fileRef = EB36B3A326C8DB4200695918 /* WebView.swift */; };
/* End PBXBuildFile section */

/* Begin PBXContainerItemProxy section */
		EB0BC17F26C8D165004F5818 /* PBXContainerItemProxy */ = {
			isa = PBXContainerItemProxy;
			containerPortal = EB0BC16526C8D164004F5818 /* Project object */;
			proxyType = 1;
			remoteGlobalIDString = EB0BC16C26C8D164004F5818;
			remoteInfo = Copan;
		};
		EB0BC18A26C8D165004F5818 /* PBXContainerItemProxy */ = {
			isa = PBXContainerItemProxy;
			containerPortal = EB0BC16526C8D164004F5818 /* Project object */;
			proxyType = 1;
			remoteGlobalIDString = EB0BC16C26C8D164004F5818;
			remoteInfo = Copan;
		};
/* End PBXContainerItemProxy section */

/* Begin PBXFileReference section */
		EB0BC16D26C8D164004F5818 /* Copan.app */ = {isa = PBXFileReference; explicitFileType = wrapper.application; includeInIndex = 0; path = Copan.app; sourceTree = BUILT_PRODUCTS_DIR; };
		EB0BC17026C8D164004F5818 /* CopanApp.swift */ = {isa = PBXFileReference; lastKnownFileType = sourcecode.swift; path = CopanApp.swift; sourceTree = "<group>"; };
		EB0BC17226C8D164004F5818 /* ContentView.swift */ = {isa = PBXFileReference; lastKnownFileType = sourcecode.swift; path = ContentView.swift; sourceTree = "<group>"; };
		EB0BC17426C8D164004F5818 /* Assets.xcassets */ = {isa = PBXFileReference; lastKnownFileType = folder.assetcatalog; path = Assets.xcassets; sourceTree = "<group>"; };
		EB0BC17726C8D164004F5818 /* Preview Assets.xcassets */ = {isa = PBXFileReference; lastKnownFileType = folder.assetcatalog; path = "Preview Assets.xcassets"; sourceTree = "<group>"; };
		EB0BC17926C8D164004F5818 /* Info.plist */ = {isa = PBXFileReference; lastKnownFileType = text.plist.xml; path = Info.plist; sourceTree = "<group>"; };
		EB0BC17E26C8D165004F5818 /* CopanTests.xctest */ = {isa = PBXFileReference; explicitFileType = wrapper.cfbundle; includeInIndex = 0; path = CopanTests.xctest; sourceTree = BUILT_PRODUCTS_DIR; };
		EB0BC18226C8D165004F5818 /* CopanTests.swift */ = {isa = PBXFileReference; lastKnownFileType = sourcecode.swift; path = CopanTests.swift; sourceTree = "<group>"; };
		EB0BC18426C8D165004F5818 /* Info.plist */ = {isa = PBXFileReference; lastKnownFileType = text.plist.xml; path = Info.plist; sourceTree = "<group>"; };
		EB0BC18926C8D165004F5818 /* CopanUITests.xctest */ = {isa = PBXFileReference; explicitFileType = wrapper.cfbundle; includeInIndex = 0; path = CopanUITests.xctest; sourceTree = BUILT_PRODUCTS_DIR; };
		EB0BC18D26C8D165004F5818 /* CopanUITests.swift */ = {isa = PBXFileReference; lastKnownFileType = sourcecode.swift; path = CopanUITests.swift; sourceTree = "<group>"; };
		EB0BC18F26C8D165004F5818 /* Info.plist */ = {isa = PBXFileReference; lastKnownFileType = text.plist.xml; path = Info.plist; sourceTree = "<group>"; };
		EB36B3A326C8DB4200695918 /* WebView.swift */ = {isa = PBXFileReference; lastKnownFileType = sourcecode.swift; path = WebView.swift; sourceTree = "<group>"; };
/* End PBXFileReference section */

/* Begin PBXFrameworksBuildPhase section */
		EB0BC16A26C8D164004F5818 /* Frameworks */ = {
			isa = PBXFrameworksBuildPhase;
			buildActionMask = 2147483647;
			files = (
			);
			runOnlyForDeploymentPostprocessing = 0;
		};
		EB0BC17B26C8D165004F5818 /* Frameworks */ = {
			isa = PBXFrameworksBuildPhase;
			buildActionMask = 2147483647;
			files = (
			);
			runOnlyForDeploymentPostprocessing = 0;
		};
		EB0BC18626C8D165004F5818 /* Frameworks */ = {
			isa = PBXFrameworksBuildPhase;
			buildActionMask = 2147483647;
			files = (
			);
			runOnlyForDeploymentPostprocessing = 0;
		};
/* End PBXFrameworksBuildPhase section */

/* Begin PBXGroup section */
		EB0BC16426C8D164004F5818 = {
			isa = PBXGroup;
			children = (
				EB0BC16F26C8D164004F5818 /* Copan */,
				EB0BC18126C8D165004F5818 /* CopanTests */,
				EB0BC18C26C8D165004F5818 /* CopanUITests */,
				EB0BC16E26C8D164004F5818 /* Products */,
			);
			sourceTree = "<group>";
		};
		EB0BC16E26C8D164004F5818 /* Products */ = {
			isa = PBXGroup;
			children = (
				EB0BC16D26C8D164004F5818 /* Copan.app */,
				EB0BC17E26C8D165004F5818 /* CopanTests.xctest */,
				EB0BC18926C8D165004F5818 /* CopanUITests.xctest */,
			);
			name = Products;
			sourceTree = "<group>";
		};
		EB0BC16F26C8D164004F5818 /* Copan */ = {
			isa = PBXGroup;
			children = (
				EB0BC17026C8D164004F5818 /* CopanApp.swift */,
				EB0BC17226C8D164004F5818 /* ContentView.swift */,
				EB0BC17426C8D164004F5818 /* Assets.xcassets */,
				EB0BC17926C8D164004F5818 /* Info.plist */,
				EB0BC17626C8D164004F5818 /* Preview Content */,
				EB36B3A326C8DB4200695918 /* WebView.swift */,
			);
			path = Copan;
			sourceTree = "<group>";
		};
		EB0BC17626C8D164004F5818 /* Preview Content */ = {
			isa = PBXGroup;
			children = (
				EB0BC17726C8D164004F5818 /* Preview Assets.xcassets */,
			);
			path = "Preview Content";
			sourceTree = "<group>";
		};
		EB0BC18126C8D165004F5818 /* CopanTests */ = {
			isa = PBXGroup;
			children = (
				EB0BC18226C8D165004F5818 /* CopanTests.swift */,
				EB0BC18426C8D165004F5818 /* Info.plist */,
			);
			path = CopanTests;
			sourceTree = "<group>";
		};
		EB0BC18C26C8D165004F5818 /* CopanUITests */ = {
			isa = PBXGroup;
			children = (
				EB0BC18D26C8D165004F5818 /* CopanUITests.swift */,
				EB0BC18F26C8D165004F5818 /* Info.plist */,
			);
			path = CopanUITests;
			sourceTree = "<group>";
		};
/* End PBXGroup section */

/* Begin PBXNativeTarget section */
		EB0BC16C26C8D164004F5818 /* Copan */ = {
			isa = PBXNativeTarget;
			buildConfigurationList = EB0BC19226C8D165004F5818 /* Build configuration list for PBXNativeTarget "Copan" */;
			buildPhases = (
				EB0BC16926C8D164004F5818 /* Sources */,
				EB0BC16A26C8D164004F5818 /* Frameworks */,
				EB0BC16B26C8D164004F5818 /* Resources */,
			);
			buildRules = (
			);
			dependencies = (
			);
			name = Copan;
			productName = Copan;
			productReference = EB0BC16D26C8D164004F5818 /* Copan.app */;
			productType = "com.apple.product-type.application";
		};
		EB0BC17D26C8D165004F5818 /* CopanTests */ = {
			isa = PBXNativeTarget;
			buildConfigurationList = EB0BC19526C8D165004F5818 /* Build configuration list for PBXNativeTarget "CopanTests" */;
			buildPhases = (
				EB0BC17A26C8D165004F5818 /* Sources */,
				EB0BC17B26C8D165004F5818 /* Frameworks */,
				EB0BC17C26C8D165004F5818 /* Resources */,
			);
			buildRules = (
			);
			dependencies = (
				EB0BC18026C8D165004F5818 /* PBXTargetDependency */,
			);
			name = CopanTests;
			productName = CopanTests;
			productReference = EB0BC17E26C8D165004F5818 /* CopanTests.xctest */;
			productType = "com.apple.product-type.bundle.unit-test";
		};
		EB0BC18826C8D165004F5818 /* CopanUITests */ = {
			isa = PBXNativeTarget;
			buildConfigurationList = EB0BC19826C8D165004F5818 /* Build configuration list for PBXNativeTarget "CopanUITests" */;
			buildPhases = (
				EB0BC18526C8D165004F5818 /* Sources */,
				EB0BC18626C8D165004F5818 /* Frameworks */,
				EB0BC18726C8D165004F5818 /* Resources */,
			);
			buildRules = (
			);
			dependencies = (
				EB0BC18B26C8D165004F5818 /* PBXTargetDependency */,
			);
			name = CopanUITests;
			productName = CopanUITests;
			productReference = EB0BC18926C8D165004F5818 /* CopanUITests.xctest */;
			productType = "com.apple.product-type.bundle.ui-testing";
		};
/* End PBXNativeTarget section */

/* Begin PBXProject section */
		EB0BC16526C8D164004F5818 /* Project object */ = {
			isa = PBXProject;
			attributes = {
				LastSwiftUpdateCheck = 1250;
				LastUpgradeCheck = 1250;
				TargetAttributes = {
					EB0BC16C26C8D164004F5818 = {
						CreatedOnToolsVersion = 12.5.1;
					};
					EB0BC17D26C8D165004F5818 = {
						CreatedOnToolsVersion = 12.5.1;
						TestTargetID = EB0BC16C26C8D164004F5818;
					};
					EB0BC18826C8D165004F5818 = {
						CreatedOnToolsVersion = 12.5.1;
						TestTargetID = EB0BC16C26C8D164004F5818;
					};
				};
			};
			buildConfigurationList = EB0BC16826C8D164004F5818 /* Build configuration list for PBXProject "Copan" */;
			compatibilityVersion = "Xcode 9.3";
			developmentRegion = en;
			hasScannedForEncodings = 0;
			knownRegions = (
				en,
				Base,
			);
			mainGroup = EB0BC16426C8D164004F5818;
			productRefGroup = EB0BC16E26C8D164004F5818 /* Products */;
			projectDirPath = "";
			projectRoot = "";
			targets = (
				EB0BC16C26C8D164004F5818 /* Copan */,
				EB0BC17D26C8D165004F5818 /* CopanTests */,
				EB0BC18826C8D165004F5818 /* CopanUITests */,
			);
		};
/* End PBXProject section */

/* Begin PBXResourcesBuildPhase section */
		EB0BC16B26C8D164004F5818 /* Resources */ = {
			isa = PBXResourcesBuildPhase;
			buildActionMask = 2147483647;
			files = (
				EB0BC17826C8D164004F5818 /* Preview Assets.xcassets in Resources */,
				EB0BC17526C8D164004F5818 /* Assets.xcassets in Resources */,
			);
			runOnlyForDeploymentPostprocessing = 0;
		};
		EB0BC17C26C8D165004F5818 /* Resources */ = {
			isa = PBXResourcesBuildPhase;
			buildActionMask = 2147483647;
			files = (
			);
			runOnlyForDeploymentPostprocessing = 0;
		};
		EB0BC18726C8D165004F5818 /* Resources */ = {
			isa = PBXResourcesBuildPhase;
			buildActionMask = 2147483647;
			files = (
			);
			runOnlyForDeploymentPostprocessing = 0;
		};
/* End PBXResourcesBuildPhase section */

/* Begin PBXSourcesBuildPhase section */
		EB0BC16926C8D164004F5818 /* Sources */ = {
			isa = PBXSourcesBuildPhase;
			buildActionMask = 2147483647;
			files = (
				EB36B3A426C8DB4200695918 /* WebView.swift in Sources */,
				EB0BC17326C8D164004F5818 /* ContentView.swift in Sources */,
				EB0BC17126C8D164004F5818 /* CopanApp.swift in Sources */,
			);
			runOnlyForDeploymentPostprocessing = 0;
		};
		EB0BC17A26C8D165004F5818 /* Sources */ = {
			isa = PBXSourcesBuildPhase;
			buildActionMask = 2147483647;
			files = (
				EB0BC18326C8D165004F5818 /* CopanTests.swift in Sources */,
			);
			runOnlyForDeploymentPostprocessing = 0;
		};
		EB0BC18526C8D165004F5818 /* Sources */ = {
			isa = PBXSourcesBuildPhase;
			buildActionMask = 2147483647;
			files = (
				EB0BC18E26C8D165004F5818 /* CopanUITests.swift in Sources */,
			);
			runOnlyForDeploymentPostprocessing = 0;
		};
/* End PBXSourcesBuildPhase section */

/* Begin PBXTargetDependency section */
		EB0BC18026C8D165004F5818 /* PBXTargetDependency */ = {
			isa = PBXTargetDependency;
			target = EB0BC16C26C8D164004F5818 /* Copan */;
			targetProxy = EB0BC17F26C8D165004F5818 /* PBXContainerItemProxy */;
		};
		EB0BC18B26C8D165004F5818 /* PBXTargetDependency */ = {
			isa = PBXTargetDependency;
			target = EB0BC16C26C8D164004F5818 /* Copan */;
			targetProxy = EB0BC18A26C8D165004F5818 /* PBXContainerItemProxy */;
		};
/* End PBXTargetDependency section */

/* Begin XCBuildConfiguration section */
		EB0BC19026C8D165004F5818 /* Debug */ = {
			isa = XCBuildConfiguration;
			buildSettings = {
				ALWAYS_SEARCH_USER_PATHS = NO;
				CLANG_ANALYZER_NONNULL = YES;
				CLANG_ANALYZER_NUMBER_OBJECT_CONVERSION = YES_AGGRESSIVE;
				CLANG_CXX_LANGUAGE_STANDARD = "gnu++14";
				CLANG_CXX_LIBRARY = "libc++";
				CLANG_ENABLE_MODULES = YES;
				CLANG_ENABLE_OBJC_ARC = YES;
				CLANG_ENABLE_OBJC_WEAK = YES;
				CLANG_WARN_BLOCK_CAPTURE_AUTORELEASING = YES;
				CLANG_WARN_BOOL_CONVERSION = YES;
				CLANG_WARN_COMMA = YES;
				CLANG_WARN_CONSTANT_CONVERSION = YES;
				CLANG_WARN_DEPRECATED_OBJC_IMPLEMENTATIONS = YES;
				CLANG_WARN_DIRECT_OBJC_ISA_USAGE = YES_ERROR;
				CLANG_WARN_DOCUMENTATION_COMMENTS = YES;
				CLANG_WARN_EMPTY_BODY = YES;
				CLANG_WARN_ENUM_CONVERSION = YES;
				CLANG_WARN_INFINITE_RECURSION = YES;
				CLANG_WARN_INT_CONVERSION = YES;
				CLANG_WARN_NON_LITERAL_NULL_CONVERSION = YES;
				CLANG_WARN_OBJC_IMPLICIT_RETAIN_SELF = YES;
				CLANG_WARN_OBJC_LITERAL_CONVERSION = YES;
				CLANG_WARN_OBJC_ROOT_CLASS = YES_ERROR;
				CLANG_WARN_QUOTED_INCLUDE_IN_FRAMEWORK_HEADER = YES;
				CLANG_WARN_RANGE_LOOP_ANALYSIS = YES;
				CLANG_WARN_STRICT_PROTOTYPES = YES;
				CLANG_WARN_SUSPICIOUS_MOVE = YES;
				CLANG_WARN_UNGUARDED_AVAILABILITY = YES_AGGRESSIVE;
				CLANG_WARN_UNREACHABLE_CODE = YES;
				CLANG_WARN__DUPLICATE_METHOD_MATCH = YES;
				COPY_PHASE_STRIP = NO;
				DEBUG_INFORMATION_FORMAT = dwarf;
				ENABLE_STRICT_OBJC_MSGSEND = YES;
				ENABLE_TESTABILITY = YES;
				GCC_C_LANGUAGE_STANDARD = gnu11;
				GCC_DYNAMIC_NO_PIC = NO;
				GCC_NO_COMMON_BLOCKS = YES;
				GCC_OPTIMIZATION_LEVEL = 0;
				GCC_PREPROCESSOR_DEFINITIONS = (
					"DEBUG=1",
					"$(inherited)",
				);
				GCC_WARN_64_TO_32_BIT_CONVERSION = YES;
				GCC_WARN_ABOUT_RETURN_TYPE = YES_ERROR;
				GCC_WARN_UNDECLARED_SELECTOR = YES;
				GCC_WARN_UNINITIALIZED_AUTOS = YES_AGGRESSIVE;
				GCC_WARN_UNUSED_FUNCTION = YES;
				GCC_WARN_UNUSED_VARIABLE = YES;
				IPHONEOS_DEPLOYMENT_TARGET = 14.5;
				MTL_ENABLE_DEBUG_INFO = INCLUDE_SOURCE;
				MTL_FAST_MATH = YES;
				ONLY_ACTIVE_ARCH = YES;
				SDKROOT = iphoneos;
				SWIFT_ACTIVE_COMPILATION_CONDITIONS = DEBUG;
				SWIFT_OPTIMIZATION_LEVEL = "-Onone";
			};
			name = Debug;
		};
		EB0BC19126C8D165004F5818 /* Release */ = {
			isa = XCBuildConfiguration;
			buildSettings = {
				ALWAYS_SEARCH_USER_PATHS = NO;
				CLANG_ANALYZER_NONNULL = YES;
				CLANG_ANALYZER_NUMBER_OBJECT_CONVERSION = YES_AGGRESSIVE;
				CLANG_CXX_LANGUAGE_STANDARD = "gnu++14";
				CLANG_CXX_LIBRARY = "libc++";
				CLANG_ENABLE_MODULES = YES;
				CLANG_ENABLE_OBJC_ARC = YES;
				CLANG_ENABLE_OBJC_WEAK = YES;
				CLANG_WARN_BLOCK_CAPTURE_AUTORELEASING = YES;
				CLANG_WARN_BOOL_CONVERSION = YES;
				CLANG_WARN_COMMA = YES;
				CLANG_WARN_CONSTANT_CONVERSION = YES;
				CLANG_WARN_DEPRECATED_OBJC_IMPLEMENTATIONS = YES;
				CLANG_WARN_DIRECT_OBJC_ISA_USAGE = YES_ERROR;
				CLANG_WARN_DOCUMENTATION_COMMENTS = YES;
				CLANG_WARN_EMPTY_BODY = YES;
				CLANG_WARN_ENUM_CONVERSION = YES;
				CLANG_WARN_INFINITE_RECURSION = YES;
				CLANG_WARN_INT_CONVERSION = YES;
				CLANG_WARN_NON_LITERAL_NULL_CONVERSION = YES;
				CLANG_WARN_OBJC_IMPLICIT_RETAIN_SELF = YES;
				CLANG_WARN_OBJC_LITERAL_CONVERSION = YES;
				CLANG_WARN_OBJC_ROOT_CLASS = YES_ERROR;
				CLANG_WARN_QUOTED_INCLUDE_IN_FRAMEWORK_HEADER = YES;
				CLANG_WARN_RANGE_LOOP_ANALYSIS = YES;
				CLANG_WARN_STRICT_PROTOTYPES = YES;
				CLANG_WARN_SUSPICIOUS_MOVE = YES;
				CLANG_WARN_UNGUARDED_AVAILABILITY = YES_AGGRESSIVE;
				CLANG_WARN_UNREACHABLE_CODE = YES;
				CLANG_WARN__DUPLICATE_METHOD_MATCH = YES;
				COPY_PHASE_STRIP = NO;
				DEBUG_INFORMATION_FORMAT = "dwarf-with-dsym";
				ENABLE_NS_ASSERTIONS = NO;
				ENABLE_STRICT_OBJC_MSGSEND = YES;
				GCC_C_LANGUAGE_STANDARD = gnu11;
				GCC_NO_COMMON_BLOCKS = YES;
				GCC_WARN_64_TO_32_BIT_CONVERSION = YES;
				GCC_WARN_ABOUT_RETURN_TYPE = YES_ERROR;
				GCC_WARN_UNDECLARED_SELECTOR = YES;
				GCC_WARN_UNINITIALIZED_AUTOS = YES_AGGRESSIVE;
				GCC_WARN_UNUSED_FUNCTION = YES;
				GCC_WARN_UNUSED_VARIABLE = YES;
				IPHONEOS_DEPLOYMENT_TARGET = 14.5;
				MTL_ENABLE_DEBUG_INFO = NO;
				MTL_FAST_MATH = YES;
				SDKROOT = iphoneos;
				SWIFT_COMPILATION_MODE = wholemodule;
				SWIFT_OPTIMIZATION_LEVEL = "-O";
				VALIDATE_PRODUCT = YES;
			};
			name = Release;
		};
		EB0BC19326C8D165004F5818 /* Debug */ = {
			isa = XCBuildConfiguration;
			buildSettings = {
				ASSETCATALOG_COMPILER_APPICON_NAME = AppIcon;
				ASSETCATALOG_COMPILER_GLOBAL_ACCENT_COLOR_NAME = AccentColor;
				CODE_SIGN_STYLE = Automatic;
				DEVELOPMENT_ASSET_PATHS = "\"Copan/Preview Content\"";
				DEVELOPMENT_TEAM = VS7K85NK4U;
				ENABLE_PREVIEWS = YES;
				INFOPLIST_FILE = Copan/Info.plist;
				IPHONEOS_DEPLOYMENT_TARGET = 14.0;
				LD_RUNPATH_SEARCH_PATHS = (
					"$(inherited)",
					"@executable_path/Frameworks",
				);
				PRODUCT_BUNDLE_IDENTIFIER = pw.copan.Copan;
				PRODUCT_NAME = "$(TARGET_NAME)";
				SWIFT_VERSION = 5.0;
				TARGETED_DEVICE_FAMILY = "1,2";
			};
			name = Debug;
		};
		EB0BC19426C8D165004F5818 /* Release */ = {
			isa = XCBuildConfiguration;
			buildSettings = {
				ASSETCATALOG_COMPILER_APPICON_NAME = AppIcon;
				ASSETCATALOG_COMPILER_GLOBAL_ACCENT_COLOR_NAME = AccentColor;
				CODE_SIGN_STYLE = Automatic;
				DEVELOPMENT_ASSET_PATHS = "\"Copan/Preview Content\"";
				DEVELOPMENT_TEAM = VS7K85NK4U;
				ENABLE_PREVIEWS = YES;
				INFOPLIST_FILE = Copan/Info.plist;
				IPHONEOS_DEPLOYMENT_TARGET = 14.0;
				LD_RUNPATH_SEARCH_PATHS = (
					"$(inherited)",
					"@executable_path/Frameworks",
				);
				PRODUCT_BUNDLE_IDENTIFIER = pw.copan.Copan;
				PRODUCT_NAME = "$(TARGET_NAME)";
				SWIFT_VERSION = 5.0;
				TARGETED_DEVICE_FAMILY = "1,2";
			};
			name = Release;
		};
		EB0BC19626C8D165004F5818 /* Debug */ = {
			isa = XCBuildConfiguration;
			buildSettings = {
				ALWAYS_EMBED_SWIFT_STANDARD_LIBRARIES = YES;
				BUNDLE_LOADER = "$(TEST_HOST)";
				CODE_SIGN_STYLE = Automatic;
				INFOPLIST_FILE = CopanTests/Info.plist;
				IPHONEOS_DEPLOYMENT_TARGET = 14.0;
				LD_RUNPATH_SEARCH_PATHS = (
					"$(inherited)",
					"@executable_path/Frameworks",
					"@loader_path/Frameworks",
				);
				PRODUCT_BUNDLE_IDENTIFIER = pw.copan.CopanTests;
				PRODUCT_NAME = "$(TARGET_NAME)";
				SWIFT_VERSION = 5.0;
				TARGETED_DEVICE_FAMILY = "1,2";
				TEST_HOST = "$(BUILT_PRODUCTS_DIR)/Copan.app/Copan";
			};
			name = Debug;
		};
		EB0BC19726C8D165004F5818 /* Release */ = {
			isa = XCBuildConfiguration;
			buildSettings = {
				ALWAYS_EMBED_SWIFT_STANDARD_LIBRARIES = YES;
				BUNDLE_LOADER = "$(TEST_HOST)";
				CODE_SIGN_STYLE = Automatic;
				INFOPLIST_FILE = CopanTests/Info.plist;
				IPHONEOS_DEPLOYMENT_TARGET = 14.0;
				LD_RUNPATH_SEARCH_PATHS = (
					"$(inherited)",
					"@executable_path/Frameworks",
					"@loader_path/Frameworks",
				);
				PRODUCT_BUNDLE_IDENTIFIER = pw.copan.CopanTests;
				PRODUCT_NAME = "$(TARGET_NAME)";
				SWIFT_VERSION = 5.0;
				TARGETED_DEVICE_FAMILY = "1,2";
				TEST_HOST = "$(BUILT_PRODUCTS_DIR)/Copan.app/Copan";
			};
			name = Release;
		};
		EB0BC19926C8D165004F5818 /* Debug */ = {
			isa = XCBuildConfiguration;
			buildSettings = {
				ALWAYS_EMBED_SWIFT_STANDARD_LIBRARIES = YES;
				CODE_SIGN_STYLE = Automatic;
				INFOPLIST_FILE = CopanUITests/Info.plist;
				LD_RUNPATH_SEARCH_PATHS = (
					"$(inherited)",
					"@executable_path/Frameworks",
					"@loader_path/Frameworks",
				);
				PRODUCT_BUNDLE_IDENTIFIER = pw.copan.CopanUITests;
				PRODUCT_NAME = "$(TARGET_NAME)";
				SWIFT_VERSION = 5.0;
				TARGETED_DEVICE_FAMILY = "1,2";
				TEST_TARGET_NAME = Copan;
			};
			name = Debug;
		};
		EB0BC19A26C8D165004F5818 /* Release */ = {
			isa = XCBuildConfiguration;
			buildSettings = {
				ALWAYS_EMBED_SWIFT_STANDARD_LIBRARIES = YES;
				CODE_SIGN_STYLE = Automatic;
				INFOPLIST_FILE = CopanUITests/Info.plist;
				LD_RUNPATH_SEARCH_PATHS = (
					"$(inherited)",
					"@executable_path/Frameworks",
					"@loader_path/Frameworks",
				);
				PRODUCT_BUNDLE_IDENTIFIER = pw.copan.CopanUITests;
				PRODUCT_NAME = "$(TARGET_NAME)";
				SWIFT_VERSION = 5.0;
				TARGETED_DEVICE_FAMILY = "1,2";
				TEST_TARGET_NAME = Copan;
			};
			name = Release;
		};
/* End XCBuildConfiguration section */

/* Begin XCConfigurationList section */
		EB0BC16826C8D164004F5818 /* Build configuration list for PBXProject "Copan" */ = {
			isa = XCConfigurationList;
			buildConfigurations = (
				EB0BC19026C8D165004F5818 /* Debug */,
				EB0BC19126C8D165004F5818 /* Release */,
			);
			defaultConfigurationIsVisible = 0;
			defaultConfigurationName = Release;
		};
		EB0BC19226C8D165004F5818 /* Build configuration list for PBXNativeTarget "Copan" */ = {
			isa = XCConfigurationList;
			buildConfigurations = (
				EB0BC19326C8D165004F5818 /* Debug */,
				EB0BC19426C8D165004F5818 /* Release */,
			);
			defaultConfigurationIsVisible = 0;
			defaultConfigurationName = Release;
		};
		EB0BC19526C8D165004F5818 /* Build configuration list for PBXNativeTarget "CopanTests" */ = {
			isa = XCConfigurationList;
			buildConfigurations = (
				EB0BC19626C8D165004F5818 /* Debug */,
				EB0BC19726C8D165004F5818 /* Release */,
			);
			defaultConfigurationIsVisible = 0;
			defaultConfigurationName = Release;
		};
		EB0BC19826C8D165004F5818 /* Build configuration list for PBXNativeTarget "CopanUITests" */ = {
			isa = XCConfigurationList;
			buildConfigurations = (
				EB0BC19926C8D165004F5818 /* Debug */,
				EB0BC19A26C8D165004F5818 /* Release */,
			);
			defaultConfigurationIsVisible = 0;
			defaultConfigurationName = Release;
		};
/* End XCConfigurationList section */
	};
	rootObject = EB0BC16526C8D164004F5818 /* Project object */;
}
